
Microsoft Visual Studio Solution File, Format Version 12.00
# Visual Studio Version 16
VisualStudioVersion = 16.0.31702.278
MinimumVisualStudioVersion = 10.0.40219.1
Project("{FAE04EC0-301F-11D3-BF4B-00C04F79EFBC}") = "TallerGITHUB", "TallerGITHUB\TallerGITHUB.csproj", "{37E3C04F-315F-48D4-8CB4-72A4A67D4D36}"
EndProject
Global
	GlobalSection(SolutionConfigurationPlatforms) = preSolution
		Debug|Any CPU = Debug|Any CPU
		Release|Any CPU = Release|Any CPU
	EndGlobalSection
	GlobalSection(ProjectConfigurationPlatforms) = postSolution
		{37E3C04F-315F-48D4-8CB4-72A4A67D4D36}.Debug|Any CPU.ActiveCfg = Debug|Any CPU
		{37E3C04F-315F-48D4-8CB4-72A4A67D4D36}.Debug|Any CPU.Build.0 = Debug|Any CPU
		{37E3C04F-315F-48D4-8CB4-72A4A67D4D36}.Release|Any CPU.ActiveCfg = Release|Any CPU
		{37E3C04F-315F-48D4-8CB4-72A4A67D4D36}.Release|Any CPU.Build.0 = Release|Any CPU
	EndGlobalSection
	GlobalSection(SolutionProperties) = preSolution
		HideSolutionNode = FALSE
	EndGlobalSection
	GlobalSection(ExtensibilityGlobals) = postSolution
		SolutionGuid = {93BA9AB0-9DEB-454E-A4C7-35EC9132D440}
	EndGlobalSection
EndGlobal
